
Microsoft Visual Studio Solution File, Format Version 12.00
# Visual Studio Version 17
VisualStudioVersion = 17.4.33122.133
MinimumVisualStudioVersion = 10.0.40219.1
Project("{FAE04EC0-301F-11D3-BF4B-00C04F79EFBC}") = "RoleBasedAuthorization", "RoleBasedAuthorization\RoleBasedAuthorization.csproj", "{B96F073E-3C11-4705-AEA7-203BEE635483}"
EndProject
Global
	GlobalSection(SolutionConfigurationPlatforms) = preSolution
		Debug|Any CPU = Debug|Any CPU
		Release|Any CPU = Release|Any CPU
	EndGlobalSection
	GlobalSection(ProjectConfigurationPlatforms) = postSolution
		{B96F073E-3C11-4705-AEA7-203BEE635483}.Debug|Any CPU.ActiveCfg = Debug|Any CPU
		{B96F073E-3C11-4705-AEA7-203BEE635483}.Debug|Any CPU.Build.0 = Debug|Any CPU
		{B96F073E-3C11-4705-AEA7-203BEE635483}.Release|Any CPU.ActiveCfg = Release|Any CPU
		{B96F073E-3C11-4705-AEA7-203BEE635483}.Release|Any CPU.Build.0 = Release|Any CPU
	EndGlobalSection
	GlobalSection(SolutionProperties) = preSolution
		HideSolutionNode = FALSE
	EndGlobalSection
	GlobalSection(ExtensibilityGlobals) = postSolution
		SolutionGuid = {9DEE753E-FDA7-4684-A29B-5E43DFCE3277}
	EndGlobalSection
EndGlobal
